
Microsoft Visual Studio Solution File, Format Version 12.00
# Visual Studio Version 16
VisualStudioVersion = 16.0.30128.74
MinimumVisualStudioVersion = 10.0.40219.1
Project("{FAE04EC0-301F-11D3-BF4B-00C04F79EFBC}") = "Restaurante", "Restaurante\Restaurante.csproj", "{0D9811EC-10B3-479B-A63B-CF66A86180F0}"
EndProject
Project("{FAE04EC0-301F-11D3-BF4B-00C04F79EFBC}") = "BussinessLayer", "BussinessLayer\BussinessLayer.csproj", "{23D8DE93-DE21-4DD0-B4F4-1FCEF5DD0B7B}"
EndProject
Global
	GlobalSection(SolutionConfigurationPlatforms) = preSolution
		Debug|Any CPU = Debug|Any CPU
		Release|Any CPU = Release|Any CPU
	EndGlobalSection
	GlobalSection(ProjectConfigurationPlatforms) = postSolution
		{0D9811EC-10B3-479B-A63B-CF66A86180F0}.Debug|Any CPU.ActiveCfg = Debug|Any CPU
		{0D9811EC-10B3-479B-A63B-CF66A86180F0}.Debug|Any CPU.Build.0 = Debug|Any CPU
		{0D9811EC-10B3-479B-A63B-CF66A86180F0}.Release|Any CPU.ActiveCfg = Release|Any CPU
		{0D9811EC-10B3-479B-A63B-CF66A86180F0}.Release|Any CPU.Build.0 = Release|Any CPU
		{23D8DE93-DE21-4DD0-B4F4-1FCEF5DD0B7B}.Debug|Any CPU.ActiveCfg = Debug|Any CPU
		{23D8DE93-DE21-4DD0-B4F4-1FCEF5DD0B7B}.Debug|Any CPU.Build.0 = Debug|Any CPU
		{23D8DE93-DE21-4DD0-B4F4-1FCEF5DD0B7B}.Release|Any CPU.ActiveCfg = Release|Any CPU
		{23D8DE93-DE21-4DD0-B4F4-1FCEF5DD0B7B}.Release|Any CPU.Build.0 = Release|Any CPU
	EndGlobalSection
	GlobalSection(SolutionProperties) = preSolution
		HideSolutionNode = FALSE
	EndGlobalSection
	GlobalSection(ExtensibilityGlobals) = postSolution
		SolutionGuid = {B749968F-2C4E-457E-B52A-0AA9839258D9}
	EndGlobalSection
EndGlobal
